
Microsoft Visual Studio Solution File, Format Version 12.00
# Visual Studio Version 17
VisualStudioVersion = 17.6.33829.357
MinimumVisualStudioVersion = 10.0.40219.1
Project("{FAE04EC0-301F-11D3-BF4B-00C04F79EFBC}") = "SysAdminNotifier_Discord", "SysAdminNotifier_Discord.csproj", "{3285E4C3-AE06-4F38-AF7E-FC352647CDF3}"
EndProject
Global
	GlobalSection(SolutionConfigurationPlatforms) = preSolution
		Debug|Any CPU = Debug|Any CPU
		Release|Any CPU = Release|Any CPU
	EndGlobalSection
	GlobalSection(ProjectConfigurationPlatforms) = postSolution
		{3285E4C3-AE06-4F38-AF7E-FC352647CDF3}.Debug|Any CPU.ActiveCfg = Debug|Any CPU
		{3285E4C3-AE06-4F38-AF7E-FC352647CDF3}.Debug|Any CPU.Build.0 = Debug|Any CPU
		{3285E4C3-AE06-4F38-AF7E-FC352647CDF3}.Release|Any CPU.ActiveCfg = Release|Any CPU
		{3285E4C3-AE06-4F38-AF7E-FC352647CDF3}.Release|Any CPU.Build.0 = Release|Any CPU
	EndGlobalSection
	GlobalSection(SolutionProperties) = preSolution
		HideSolutionNode = FALSE
	EndGlobalSection
	GlobalSection(ExtensibilityGlobals) = postSolution
		SolutionGuid = {AF0C11E9-25B1-4F92-B989-246CD3E1C396}
	EndGlobalSection
EndGlobal
